{
  "name": "gladbot",
  "version": "1.0.0",
  "lockfileVersion": 1,
  "requires": true,
  "dependencies": {
    "oracledb": {
      "version": "2.1.1",
      "resolved": "https://registry.npmjs.org/oracledb/-/oracledb-2.1.1.tgz",
      "integrity": "sha512-SON0cUk+fBWJbWSxsDspPfZX5cNf18yCpgwuk4rqREy+BX67CV5b/yAmPC2YXJQEAfT8jcy0P6zjq/kMAJE0Dg=="
    }
  }
}
